
Microsoft Visual Studio Solution File, Format Version 12.00
# Visual Studio Version 16
VisualStudioVersion = 16.0.30114.105
MinimumVisualStudioVersion = 10.0.40219.1
Project("{9A19103F-16F7-4668-BE54-9A1E7A4F7556}") = "Sen.Core", "Sen.Core\Sen.Core.csproj", "{6940C704-C0D5-4E4F-AF2C-C27C5B658100}"
EndProject
Project("{FAE04EC0-301F-11D3-BF4B-00C04F79EFBC}") = "Sen.Console", "Sen.Console\Sen.Console.csproj", "{F3098D8E-459E-46AC-B7DB-5339E99A5725}"
EndProject
Global
	GlobalSection(SolutionConfigurationPlatforms) = preSolution
		Debug|Any CPU = Debug|Any CPU
		Release|Any CPU = Release|Any CPU
	EndGlobalSection
	GlobalSection(ProjectConfigurationPlatforms) = postSolution
		{6940C704-C0D5-4E4F-AF2C-C27C5B658100}.Debug|Any CPU.ActiveCfg = Debug|Any CPU
		{6940C704-C0D5-4E4F-AF2C-C27C5B658100}.Debug|Any CPU.Build.0 = Debug|Any CPU
		{6940C704-C0D5-4E4F-AF2C-C27C5B658100}.Release|Any CPU.ActiveCfg = Release|Any CPU
		{6940C704-C0D5-4E4F-AF2C-C27C5B658100}.Release|Any CPU.Build.0 = Release|Any CPU
		{F3098D8E-459E-46AC-B7DB-5339E99A5725}.Debug|Any CPU.ActiveCfg = Debug|Any CPU
		{F3098D8E-459E-46AC-B7DB-5339E99A5725}.Debug|Any CPU.Build.0 = Debug|Any CPU
		{F3098D8E-459E-46AC-B7DB-5339E99A5725}.Release|Any CPU.ActiveCfg = Release|Any CPU
		{F3098D8E-459E-46AC-B7DB-5339E99A5725}.Release|Any CPU.Build.0 = Release|Any CPU
	EndGlobalSection
	GlobalSection(SolutionProperties) = preSolution
		HideSolutionNode = FALSE
	EndGlobalSection
	GlobalSection(ExtensibilityGlobals) = postSolution
		SolutionGuid = {028CF183-4E59-4F9A-A18D-2A36C75BF7A7}
	EndGlobalSection
EndGlobal
